
Microsoft Visual Studio Solution File, Format Version 12.00
# Visual Studio 2012
Project("{FAE04EC0-301F-11D3-BF4B-00C04F79EFBC}") = "collision", "collision\collision.csproj", "{8BE36CD2-DCBB-42B7-BF3C-5C779C3CB34A}"
EndProject
Global
	GlobalSection(SolutionConfigurationPlatforms) = preSolution
		Debug|Any CPU = Debug|Any CPU
		Release|Any CPU = Release|Any CPU
	EndGlobalSection
	GlobalSection(ProjectConfigurationPlatforms) = postSolution
		{8BE36CD2-DCBB-42B7-BF3C-5C779C3CB34A}.Debug|Any CPU.ActiveCfg = Debug|Any CPU
		{8BE36CD2-DCBB-42B7-BF3C-5C779C3CB34A}.Debug|Any CPU.Build.0 = Debug|Any CPU
		{8BE36CD2-DCBB-42B7-BF3C-5C779C3CB34A}.Release|Any CPU.ActiveCfg = Release|Any CPU
		{8BE36CD2-DCBB-42B7-BF3C-5C779C3CB34A}.Release|Any CPU.Build.0 = Release|Any CPU
	EndGlobalSection
	GlobalSection(SolutionProperties) = preSolution
		HideSolutionNode = FALSE
	EndGlobalSection
EndGlobal
